{
  "nodes": {
    "apple-silicon": {
      "inputs": {
        "flake-compat": "flake-compat",
        "nixpkgs": "nixpkgs",
        "treefmt-nix": "treefmt-nix"
      },
      "locked": {
        "lastModified": 1756110286,
        "narHash": "sha256-NE0HwcQCQTgM+HuYqmiemPf/5e+3fjwowceAyJj+ikU=",
        "owner": "nix-community",
        "repo": "nixos-apple-silicon",
        "rev": "b99bf9bf7445416fe55da09034fc4a6cd733805c",
        "type": "github"
      },
      "original": {
        "owner": "nix-community",
        "repo": "nixos-apple-silicon",
        "type": "github"
      }
    },
    "catppuccin": {
      "inputs": {
        "nixpkgs": "nixpkgs_2"
      },
      "locked": {
        "lastModified": 1756741629,
        "narHash": "sha256-n+mgH3NoQf8d1jd8cDp/9Mt++hhyuE3LO3ZAxzjWRZw=",
        "owner": "catppuccin",
        "repo": "nix",
        "rev": "cd22197da06df1eb6fabdaa2fc22c170c4f67382",
        "type": "github"
      },
      "original": {
        "owner": "catppuccin",
        "repo": "nix",
        "type": "github"
      }
    },
    "crane": {
      "locked": {
        "lastModified": 1748047550,
        "narHash": "sha256-t0qLLqb4C1rdtiY8IFRH5KIapTY/n3Lqt57AmxEv9mk=",
        "owner": "ipetkov",
        "repo": "crane",
        "rev": "b718a78696060df6280196a6f992d04c87a16aef",
        "type": "github"
      },
      "original": {
        "owner": "ipetkov",
        "repo": "crane",
        "type": "github"
      }
    },
    "dmm": {
      "inputs": {
        "crane": "crane",
        "flake-utils": "flake-utils",
        "nixpkgs": [
          "nixpkgs"
        ],
        "rust-overlay": "rust-overlay"
      },
      "locked": {
        "lastModified": 1748894836,
        "narHash": "sha256-x6g8OVKw3KW4LfE56nn0eyOOtweIzzB+ohiQ4pjy4tc=",
        "rev": "e17059b308699b7fe60764b5c22e0872af04939b",
        "type": "tarball",
        "url": "https://git.fawkes.io/api/v1/repos/mtnash/dmm/archive/e17059b308699b7fe60764b5c22e0872af04939b.tar.gz"
      },
      "original": {
        "type": "tarball",
        "url": "https://git.fawkes.io/mtnash/dmm/archive/stable.tar.gz"
      }
    },
    "flake-compat": {
      "locked": {
        "lastModified": 1746162366,
        "narHash": "sha256-5SSSZ/oQkwfcAz/o/6TlejlVGqeK08wyREBQ5qFFPhM=",
        "owner": "nix-community",
        "repo": "flake-compat",
        "rev": "0f158086a2ecdbb138cd0429410e44994f1b7e4b",
        "type": "github"
      },
      "original": {
        "owner": "nix-community",
        "repo": "flake-compat",
        "type": "github"
      }
    },
    "flake-compat_2": {
      "locked": {
        "lastModified": 1747046372,
        "narHash": "sha256-CIVLLkVgvHYbgI2UpXvIIBJ12HWgX+fjA8Xf8PUmqCY=",
        "owner": "edolstra",
        "repo": "flake-compat",
        "rev": "9100a0f413b0c601e0533d1d94ffd501ce2e7885",
        "type": "github"
      },
      "original": {
        "owner": "edolstra",
        "repo": "flake-compat",
        "type": "github"
      }
    },
    "flake-utils": {
      "inputs": {
        "systems": "systems"
      },
      "locked": {
        "lastModified": 1731533236,
        "narHash": "sha256-l0KFg5HjrsfsO/JpG+r7fRrqm12kzFHyUHqHCVpMMbI=",
        "owner": "numtide",
        "repo": "flake-utils",
        "rev": "11707dc2f618dd54ca8739b309ec4fc024de578b",
        "type": "github"
      },
      "original": {
        "owner": "numtide",
        "repo": "flake-utils",
        "type": "github"
      }
    },
    "home-manager": {
      "inputs": {
        "nixpkgs": [
          "nixpkgs"
        ]
      },
      "locked": {
        "lastModified": 1756734952,
        "narHash": "sha256-H6jmduj4QIncLPAPODPSG/8ry9lpr1kRq6fYytU52qU=",
        "owner": "nix-community",
        "repo": "home-manager",
        "rev": "29ab63bbb3d9eee4a491f7ce701b189becd34068",
        "type": "github"
      },
      "original": {
        "owner": "nix-community",
        "repo": "home-manager",
        "type": "github"
      }
    },
    "nix-alien": {
      "inputs": {
        "flake-compat": "flake-compat_2",
        "nix-index-database": "nix-index-database",
        "nixpkgs": "nixpkgs_3"
      },
      "locked": {
        "lastModified": 1755253391,
        "narHash": "sha256-8Muat6VcG9HsVNtyeKblnj28nnPZVPCGKh/kP3uUPeU=",
        "owner": "thiagokokada",
        "repo": "nix-alien",
        "rev": "e62b3ad75e8c9a5e505fc78b9b40eed1178634cb",
        "type": "github"
      },
      "original": {
        "owner": "thiagokokada",
        "repo": "nix-alien",
        "type": "github"
      }
    },
    "nix-index-database": {
      "inputs": {
        "nixpkgs": [
          "nix-alien",
          "nixpkgs"
        ]
      },
      "locked": {
        "lastModified": 1754800038,
        "narHash": "sha256-UbLO8/0pVBXLJuyRizYOJigtzQAj8Z2bTnbKSec/wN0=",
        "owner": "nix-community",
        "repo": "nix-index-database",
        "rev": "b65f8d80656f9fcbd1fecc4b7f0730f468333142",
        "type": "github"
      },
      "original": {
        "owner": "nix-community",
        "repo": "nix-index-database",
        "type": "github"
      }
    },
    "nixpkgs": {
      "locked": {
        "lastModified": 1755615617,
        "narHash": "sha256-HMwfAJBdrr8wXAkbGhtcby1zGFvs+StOp19xNsbqdOg=",
        "owner": "nixos",
        "repo": "nixpkgs",
        "rev": "20075955deac2583bb12f07151c2df830ef346b4",
        "type": "github"
      },
      "original": {
        "owner": "nixos",
        "ref": "nixos-unstable",
        "repo": "nixpkgs",
        "type": "github"
      }
    },
    "nixpkgs_2": {
      "locked": {
        "lastModified": 1756266583,
        "narHash": "sha256-cr748nSmpfvnhqSXPiCfUPxRz2FJnvf/RjJGvFfaCsM=",
        "owner": "NixOS",
        "repo": "nixpkgs",
        "rev": "8a6d5427d99ec71c64f0b93d45778c889005d9c2",
        "type": "github"
      },
      "original": {
        "owner": "NixOS",
        "ref": "nixos-unstable",
        "repo": "nixpkgs",
        "type": "github"
      }
    },
    "nixpkgs_3": {
      "locked": {
        "lastModified": 1755027561,
        "narHash": "sha256-IVft239Bc8p8Dtvf7UAACMG5P3ZV+3/aO28gXpGtMXI=",
        "owner": "NixOS",
        "repo": "nixpkgs",
        "rev": "005433b926e16227259a1843015b5b2b7f7d1fc3",
        "type": "github"
      },
      "original": {
        "owner": "NixOS",
        "ref": "nixos-unstable",
        "repo": "nixpkgs",
        "type": "github"
      }
    },
    "nixpkgs_4": {
      "locked": {
        "lastModified": 1756542300,
        "narHash": "sha256-tlOn88coG5fzdyqz6R93SQL5Gpq+m/DsWpekNFhqPQk=",
        "owner": "NixOS",
        "repo": "nixpkgs",
        "rev": "d7600c775f877cd87b4f5a831c28aa94137377aa",
        "type": "github"
      },
      "original": {
        "owner": "NixOS",
        "ref": "nixos-unstable",
        "repo": "nixpkgs",
        "type": "github"
      }
    },
    "root": {
      "inputs": {
        "apple-silicon": "apple-silicon",
        "catppuccin": "catppuccin",
        "dmm": "dmm",
        "home-manager": "home-manager",
        "nix-alien": "nix-alien",
        "nixpkgs": "nixpkgs_4"
      }
    },
    "rust-overlay": {
      "inputs": {
        "nixpkgs": [
          "dmm",
          "nixpkgs"
        ]
      },
      "locked": {
        "lastModified": 1748832016,
        "narHash": "sha256-TQSaFa1wWJr6GOs+K8lecK4AKKr8k6mwxHIPCOmVkgs=",
        "owner": "oxalica",
        "repo": "rust-overlay",
        "rev": "7ec2ea005b600dac9436a7c5c6b66d960cbfcea2",
        "type": "github"
      },
      "original": {
        "owner": "oxalica",
        "repo": "rust-overlay",
        "type": "github"
      }
    },
    "systems": {
      "locked": {
        "lastModified": 1681028828,
        "narHash": "sha256-Vy1rq5AaRuLzOxct8nz4T6wlgyUR7zLU309k9mBC768=",
        "owner": "nix-systems",
        "repo": "default",
        "rev": "da67096a3b9bf56a91d16901293e51ba5b49a27e",
        "type": "github"
      },
      "original": {
        "owner": "nix-systems",
        "repo": "default",
        "type": "github"
      }
    },
    "treefmt-nix": {
      "inputs": {
        "nixpkgs": [
          "apple-silicon",
          "nixpkgs"
        ]
      },
      "locked": {
        "lastModified": 1754847726,
        "narHash": "sha256-2vX8QjO5lRsDbNYvN9hVHXLU6oMl+V/PsmIiJREG4rE=",
        "owner": "numtide",
        "repo": "treefmt-nix",
        "rev": "7d81f6fb2e19bf84f1c65135d1060d829fae2408",
        "type": "github"
      },
      "original": {
        "owner": "numtide",
        "repo": "treefmt-nix",
        "type": "github"
      }
    }
  },
  "root": "root",
  "version": 7
}
